<?xml version="1.0" encoding="UTF-8"?>
<!DOCTYPE plist PUBLIC "-//Apple//DTD PLIST 1.0//EN" "http://www.apple.com/DTDs/PropertyList-1.0.dtd">
<plist version="1.0">
<dict>
	<key>archiveVersion</key>
	<string>1</string>
	<key>classes</key>
	<dict/>
	<key>objectVersion</key>
	<string>46</string>
	<key>objects</key>
	<dict>
		<key>0B669263FE1A4168B27B8304</key>
		<dict>
			<key>includeInIndex</key>
			<string>1</string>
			<key>isa</key>
			<string>PBXFileReference</string>
			<key>lastKnownFileType</key>
			<string>archive.ar</string>
			<key>name</key>
			<string>libCIMLua.a</string>
			<key>path</key>
			<string>/Users/jean-luc/Library/Application Support/com.celedev.CodeFlow/iphoneos/libCIMLua.a</string>
			<key>sourceTree</key>
			<string>&lt;absolute&gt;</string>
		</dict>
		<key>1A791FA20F924D47AA44F569</key>
		<dict>
			<key>fileRef</key>
			<string>EFB4153D79854212A8B795CF</string>
			<key>isa</key>
			<string>PBXBuildFile</string>
		</dict>
		<key>34AD9015CFF54C379F5ED273</key>
		<dict>
			<key>fileRef</key>
			<string>A08D5F43A91F4587BA2DAAD1</string>
			<key>isa</key>
			<string>PBXBuildFile</string>
		</dict>
		<key>3A4EF2DAFD3149D29F63B131</key>
		<dict>
			<key>fileRef</key>
			<string>DCD3D97CFA9E48C88529C77A</string>
			<key>isa</key>
			<string>PBXBuildFile</string>
		</dict>
		<key>47FB134CB13C408E9C2315EF</key>
		<dict>
			<key>includeInIndex</key>
			<string>1</string>
			<key>isa</key>
			<string>PBXFileReference</string>
			<key>lastKnownFileType</key>
			<string>archive.ar</string>
			<key>name</key>
			<string>libCIMLuaBindingFoundation.a</string>
			<key>path</key>
			<string>/Users/jean-luc/Library/Application Support/com.celedev.CodeFlow/iphoneos/iOS-8.1-SDK.luabindings/BindingLibs/libCIMLuaBindingFoundation.a</string>
			<key>sourceTree</key>
			<string>&lt;absolute&gt;</string>
		</dict>
		<key>6A6BA377D156480CAEDEF9C6</key>
		<dict>
			<key>fileRef</key>
			<string>0B669263FE1A4168B27B8304</string>
			<key>isa</key>
			<string>PBXBuildFile</string>
		</dict>
		<key>7E32940E742C4654B2CB66CE</key>
		<dict>
			<key>fileRef</key>
			<string>A06A42FB7210409081E40D81</string>
			<key>isa</key>
			<string>PBXBuildFile</string>
		</dict>
		<key>A06A42FB7210409081E40D81</key>
		<dict>
			<key>isa</key>
			<string>PBXFileReference</string>
			<key>lastKnownFileType</key>
			<string>wrapper.framework</string>
			<key>name</key>
			<string>MobileCoreServices.framework</string>
			<key>path</key>
			<string>System/Library/Frameworks/MobileCoreServices.framework</string>
			<key>sourceTree</key>
			<string>SDKROOT</string>
		</dict>
		<key>A08D5F43A91F4587BA2DAAD1</key>
		<dict>
			<key>includeInIndex</key>
			<string>1</string>
			<key>isa</key>
			<string>PBXFileReference</string>
			<key>lastKnownFileType</key>
			<string>archive.ar</string>
			<key>name</key>
			<string>libCIMLuaBindingUIKit.a</string>
			<key>path</key>
			<string>/Users/jean-luc/Library/Application Support/com.celedev.CodeFlow/iphoneos/iOS-8.1-SDK.luabindings/BindingLibs/libCIMLuaBindingUIKit.a</string>
			<key>sourceTree</key>
			<string>&lt;absolute&gt;</string>
		</dict>
		<key>DCD3D97CFA9E48C88529C77A</key>
		<dict>
			<key>includeInIndex</key>
			<string>1</string>
			<key>isa</key>
			<string>PBXFileReference</string>
			<key>lastKnownFileType</key>
			<string>archive.ar</string>
			<key>name</key>
			<string>libCIMLuaDebugServerIOS.a</string>
			<key>path</key>
			<string>/Users/jean-luc/Library/Application Support/com.celedev.CodeFlow/iphoneos/libCIMLuaDebugServerIOS.a</string>
			<key>sourceTree</key>
			<string>&lt;absolute&gt;</string>
		</dict>
		<key>E36DED0F05BC4D30B86D9F23</key>
		<dict>
			<key>fileRef</key>
			<string>47FB134CB13C408E9C2315EF</string>
			<key>isa</key>
			<string>PBXBuildFile</string>
		</dict>
		<key>EFB4153D79854212A8B795CF</key>
		<dict>
			<key>includeInIndex</key>
			<string>1</string>
			<key>isa</key>
			<string>PBXFileReference</string>
			<key>lastKnownFileType</key>
			<string>archive.ar</string>
			<key>name</key>
			<string>libCIMLuaBindingCoreGraphics.a</string>
			<key>path</key>
			<string>/Users/jean-luc/Library/Application Support/com.celedev.CodeFlow/iphoneos/iOS-8.1-SDK.luabindings/BindingLibs/libCIMLuaBindingCoreGraphics.a</string>
			<key>sourceTree</key>
			<string>&lt;absolute&gt;</string>
		</dict>
		<key>FDA6FB4D173D2BF8009E8870</key>
		<dict>
			<key>children</key>
			<array>
				<string>FDA6FB5F173D2BF8009E8870</string>
				<string>FDA6FB58173D2BF8009E8870</string>
				<string>FDA6FB57173D2BF8009E8870</string>
			</array>
			<key>isa</key>
			<string>PBXGroup</string>
			<key>sourceTree</key>
			<string>&lt;group&gt;</string>
		</dict>
		<key>FDA6FB4E173D2BF8009E8870</key>
		<dict>
			<key>attributes</key>
			<dict>
				<key>CLASSPREFIX</key>
				<string>CIM</string>
				<key>LastUpgradeCheck</key>
				<string>0510</string>
				<key>ORGANIZATIONNAME</key>
				<string>Celedev</string>
			</dict>
			<key>buildConfigurationList</key>
			<string>FDA6FB51173D2BF8009E8870</string>
			<key>compatibilityVersion</key>
			<string>Xcode 3.2</string>
			<key>developmentRegion</key>
			<string>English</string>
			<key>hasScannedForEncodings</key>
			<string>0</string>
			<key>isa</key>
			<string>PBXProject</string>
			<key>knownRegions</key>
			<array>
				<string>en</string>
			</array>
			<key>mainGroup</key>
			<string>FDA6FB4D173D2BF8009E8870</string>
			<key>productRefGroup</key>
			<string>FDA6FB57173D2BF8009E8870</string>
			<key>projectDirPath</key>
			<string></string>
			<key>projectReferences</key>
			<array/>
			<key>projectRoot</key>
			<string></string>
			<key>targets</key>
			<array>
				<string>FDA6FB55173D2BF8009E8870</string>
			</array>
		</dict>
		<key>FDA6FB51173D2BF8009E8870</key>
		<dict>
			<key>buildConfigurations</key>
			<array>
				<string>FDA6FB71173D2BF8009E8870</string>
				<string>FDA6FB72173D2BF8009E8870</string>
			</array>
			<key>defaultConfigurationIsVisible</key>
			<string>0</string>
			<key>defaultConfigurationName</key>
			<string>Release</string>
			<key>isa</key>
			<string>XCConfigurationList</string>
		</dict>
		<key>FDA6FB52173D2BF8009E8870</key>
		<dict>
			<key>buildActionMask</key>
			<string>2147483647</string>
			<key>files</key>
			<array>
				<string>FDA6FB66173D2BF8009E8870</string>
				<string>FDA6FBA5173D4389009E8870</string>
			</array>
			<key>isa</key>
			<string>PBXSourcesBuildPhase</string>
			<key>runOnlyForDeploymentPostprocessing</key>
			<string>0</string>
		</dict>
		<key>FDA6FB53173D2BF8009E8870</key>
		<dict>
			<key>buildActionMask</key>
			<string>2147483647</string>
			<key>files</key>
			<array>
				<string>FDA6FB5A173D2BF8009E8870</string>
				<string>FDA6FB5C173D2BF8009E8870</string>
				<string>FDA6FB5E173D2BF8009E8870</string>
				<string>7E32940E742C4654B2CB66CE</string>
				<string>6A6BA377D156480CAEDEF9C6</string>
				<string>3A4EF2DAFD3149D29F63B131</string>
				<string>34AD9015CFF54C379F5ED273</string>
				<string>E36DED0F05BC4D30B86D9F23</string>
				<string>1A791FA20F924D47AA44F569</string>
			</array>
			<key>isa</key>
			<string>PBXFrameworksBuildPhase</string>
			<key>runOnlyForDeploymentPostprocessing</key>
			<string>0</string>
		</dict>
		<key>FDA6FB54173D2BF8009E8870</key>
		<dict>
			<key>buildActionMask</key>
			<string>2147483647</string>
			<key>files</key>
			<array>
				<string>FDA6FB64173D2BF8009E8870</string>
				<string>FDA6FB6C173D2BF8009E8870</string>
				<string>FDA6FB6E173D2BF8009E8870</string>
				<string>FDA6FB70173D2BF8009E8870</string>
			</array>
			<key>isa</key>
			<string>PBXResourcesBuildPhase</string>
			<key>runOnlyForDeploymentPostprocessing</key>
			<string>0</string>
		</dict>
		<key>FDA6FB55173D2BF8009E8870</key>
		<dict>
			<key>buildConfigurationList</key>
			<string>FDA6FB73173D2BF8009E8870</string>
			<key>buildPhases</key>
			<array>
				<string>FDA6FB52173D2BF8009E8870</string>
				<string>FDA6FB53173D2BF8009E8870</string>
				<string>FDA6FB54173D2BF8009E8870</string>
			</array>
			<key>buildRules</key>
			<array/>
			<key>dependencies</key>
			<array/>
			<key>isa</key>
			<string>PBXNativeTarget</string>
			<key>name</key>
			<string>SimpleStocks</string>
			<key>productName</key>
			<string>SImpleStocks</string>
			<key>productReference</key>
			<string>FDA6FB56173D2BF8009E8870</string>
			<key>productType</key>
			<string>com.apple.product-type.application</string>
		</dict>
		<key>FDA6FB56173D2BF8009E8870</key>
		<dict>
			<key>explicitFileType</key>
			<string>wrapper.application</string>
			<key>includeInIndex</key>
			<string>0</string>
			<key>isa</key>
			<string>PBXFileReference</string>
			<key>path</key>
			<string>SimpleStocks.app</string>
			<key>sourceTree</key>
			<string>BUILT_PRODUCTS_DIR</string>
		</dict>
		<key>FDA6FB57173D2BF8009E8870</key>
		<dict>
			<key>children</key>
			<array>
				<string>FDA6FB56173D2BF8009E8870</string>
			</array>
			<key>isa</key>
			<string>PBXGroup</string>
			<key>name</key>
			<string>Products</string>
			<key>sourceTree</key>
			<string>&lt;group&gt;</string>
		</dict>
		<key>FDA6FB58173D2BF8009E8870</key>
		<dict>
			<key>children</key>
			<array>
				<string>FDA6FB59173D2BF8009E8870</string>
				<string>FDA6FB5B173D2BF8009E8870</string>
				<string>FDA6FB5D173D2BF8009E8870</string>
				<string>A06A42FB7210409081E40D81</string>
				<string>0B669263FE1A4168B27B8304</string>
				<string>DCD3D97CFA9E48C88529C77A</string>
				<string>A08D5F43A91F4587BA2DAAD1</string>
				<string>47FB134CB13C408E9C2315EF</string>
				<string>EFB4153D79854212A8B795CF</string>
			</array>
			<key>isa</key>
			<string>PBXGroup</string>
			<key>name</key>
			<string>Frameworks</string>
			<key>sourceTree</key>
			<string>&lt;group&gt;</string>
		</dict>
		<key>FDA6FB59173D2BF8009E8870</key>
		<dict>
			<key>isa</key>
			<string>PBXFileReference</string>
			<key>lastKnownFileType</key>
			<string>wrapper.framework</string>
			<key>name</key>
			<string>UIKit.framework</string>
			<key>path</key>
			<string>System/Library/Frameworks/UIKit.framework</string>
			<key>sourceTree</key>
			<string>SDKROOT</string>
		</dict>
		<key>FDA6FB5A173D2BF8009E8870</key>
		<dict>
			<key>fileRef</key>
			<string>FDA6FB59173D2BF8009E8870</string>
			<key>isa</key>
			<string>PBXBuildFile</string>
		</dict>
		<key>FDA6FB5B173D2BF8009E8870</key>
		<dict>
			<key>isa</key>
			<string>PBXFileReference</string>
			<key>lastKnownFileType</key>
			<string>wrapper.framework</string>
			<key>name</key>
			<string>Foundation.framework</string>
			<key>path</key>
			<string>System/Library/Frameworks/Foundation.framework</string>
			<key>sourceTree</key>
			<string>SDKROOT</string>
		</dict>
		<key>FDA6FB5C173D2BF8009E8870</key>
		<dict>
			<key>fileRef</key>
			<string>FDA6FB5B173D2BF8009E8870</string>
			<key>isa</key>
			<string>PBXBuildFile</string>
		</dict>
		<key>FDA6FB5D173D2BF8009E8870</key>
		<dict>
			<key>isa</key>
			<string>PBXFileReference</string>
			<key>lastKnownFileType</key>
			<string>wrapper.framework</string>
			<key>name</key>
			<string>CoreGraphics.framework</string>
			<key>path</key>
			<string>System/Library/Frameworks/CoreGraphics.framework</string>
			<key>sourceTree</key>
			<string>SDKROOT</string>
		</dict>
		<key>FDA6FB5E173D2BF8009E8870</key>
		<dict>
			<key>fileRef</key>
			<string>FDA6FB5D173D2BF8009E8870</string>
			<key>isa</key>
			<string>PBXBuildFile</string>
		</dict>
		<key>FDA6FB5F173D2BF8009E8870</key>
		<dict>
			<key>children</key>
			<array>
				<string>FDA6FB76173D2C49009E8870</string>
				<string>FDA6FB77173D2C49009E8870</string>
				<string>FDA6FB60173D2BF8009E8870</string>
			</array>
			<key>isa</key>
			<string>PBXGroup</string>
			<key>path</key>
			<string>SimpleStocks</string>
			<key>sourceTree</key>
			<string>&lt;group&gt;</string>
		</dict>
		<key>FDA6FB60173D2BF8009E8870</key>
		<dict>
			<key>children</key>
			<array>
				<string>FDA6FB61173D2BF8009E8870</string>
				<string>FDA6FB62173D2BF8009E8870</string>
				<string>FDA6FB65173D2BF8009E8870</string>
				<string>FDA6FB67173D2BF8009E8870</string>
				<string>FDA6FB6B173D2BF8009E8870</string>
				<string>FDA6FB6D173D2BF8009E8870</string>
				<string>FDA6FB6F173D2BF8009E8870</string>
			</array>
			<key>isa</key>
			<string>PBXGroup</string>
			<key>name</key>
			<string>Supporting Files</string>
			<key>sourceTree</key>
			<string>&lt;group&gt;</string>
		</dict>
		<key>FDA6FB61173D2BF8009E8870</key>
		<dict>
			<key>isa</key>
			<string>PBXFileReference</string>
			<key>lastKnownFileType</key>
			<string>text.plist.xml</string>
			<key>path</key>
			<string>SimpleStocks-Info.plist</string>
			<key>sourceTree</key>
			<string>&lt;group&gt;</string>
		</dict>
		<key>FDA6FB62173D2BF8009E8870</key>
		<dict>
			<key>children</key>
			<array>
				<string>FDA6FB63173D2BF8009E8870</string>
			</array>
			<key>isa</key>
			<string>PBXVariantGroup</string>
			<key>name</key>
			<string>InfoPlist.strings</string>
			<key>sourceTree</key>
			<string>&lt;group&gt;</string>
		</dict>
		<key>FDA6FB63173D2BF8009E8870</key>
		<dict>
			<key>isa</key>
			<string>PBXFileReference</string>
			<key>lastKnownFileType</key>
			<string>text.plist.strings</string>
			<key>name</key>
			<string>en</string>
			<key>path</key>
			<string>en.lproj/InfoPlist.strings</string>
			<key>sourceTree</key>
			<string>&lt;group&gt;</string>
		</dict>
		<key>FDA6FB64173D2BF8009E8870</key>
		<dict>
			<key>fileRef</key>
			<string>FDA6FB62173D2BF8009E8870</string>
			<key>isa</key>
			<string>PBXBuildFile</string>
		</dict>
		<key>FDA6FB65173D2BF8009E8870</key>
		<dict>
			<key>isa</key>
			<string>PBXFileReference</string>
			<key>lastKnownFileType</key>
			<string>sourcecode.c.objc</string>
			<key>path</key>
			<string>main.m</string>
			<key>sourceTree</key>
			<string>&lt;group&gt;</string>
		</dict>
		<key>FDA6FB66173D2BF8009E8870</key>
		<dict>
			<key>fileRef</key>
			<string>FDA6FB65173D2BF8009E8870</string>
			<key>isa</key>
			<string>PBXBuildFile</string>
		</dict>
		<key>FDA6FB67173D2BF8009E8870</key>
		<dict>
			<key>isa</key>
			<string>PBXFileReference</string>
			<key>lastKnownFileType</key>
			<string>sourcecode.c.h</string>
			<key>path</key>
			<string>SimpleStocks-Prefix.pch</string>
			<key>sourceTree</key>
			<string>&lt;group&gt;</string>
		</dict>
		<key>FDA6FB6B173D2BF8009E8870</key>
		<dict>
			<key>isa</key>
			<string>PBXFileReference</string>
			<key>lastKnownFileType</key>
			<string>image.png</string>
			<key>path</key>
			<string>Default.png</string>
			<key>sourceTree</key>
			<string>&lt;group&gt;</string>
		</dict>
		<key>FDA6FB6C173D2BF8009E8870</key>
		<dict>
			<key>fileRef</key>
			<string>FDA6FB6B173D2BF8009E8870</string>
			<key>isa</key>
			<string>PBXBuildFile</string>
		</dict>
		<key>FDA6FB6D173D2BF8009E8870</key>
		<dict>
			<key>isa</key>
			<string>PBXFileReference</string>
			<key>lastKnownFileType</key>
			<string>image.png</string>
			<key>path</key>
			<string>Default@2x.png</string>
			<key>sourceTree</key>
			<string>&lt;group&gt;</string>
		</dict>
		<key>FDA6FB6E173D2BF8009E8870</key>
		<dict>
			<key>fileRef</key>
			<string>FDA6FB6D173D2BF8009E8870</string>
			<key>isa</key>
			<string>PBXBuildFile</string>
		</dict>
		<key>FDA6FB6F173D2BF8009E8870</key>
		<dict>
			<key>isa</key>
			<string>PBXFileReference</string>
			<key>lastKnownFileType</key>
			<string>image.png</string>
			<key>path</key>
			<string>Default-568h@2x.png</string>
			<key>sourceTree</key>
			<string>&lt;group&gt;</string>
		</dict>
		<key>FDA6FB70173D2BF8009E8870</key>
		<dict>
			<key>fileRef</key>
			<string>FDA6FB6F173D2BF8009E8870</string>
			<key>isa</key>
			<string>PBXBuildFile</string>
		</dict>
		<key>FDA6FB71173D2BF8009E8870</key>
		<dict>
			<key>buildSettings</key>
			<dict>
				<key>ALWAYS_SEARCH_USER_PATHS</key>
				<string>NO</string>
				<key>CLANG_CXX_LANGUAGE_STANDARD</key>
				<string>gnu++0x</string>
				<key>CLANG_CXX_LIBRARY</key>
				<string>libc++</string>
				<key>CLANG_ENABLE_OBJC_ARC</key>
				<string>YES</string>
				<key>CLANG_WARN_CONSTANT_CONVERSION</key>
				<string>YES</string>
				<key>CLANG_WARN_EMPTY_BODY</key>
				<string>YES</string>
				<key>CLANG_WARN_ENUM_CONVERSION</key>
				<string>YES</string>
				<key>CLANG_WARN_INT_CONVERSION</key>
				<string>YES</string>
				<key>CLANG_WARN__DUPLICATE_METHOD_MATCH</key>
				<string>YES</string>
				<key>CODE_SIGN_IDENTITY[sdk=iphoneos*]</key>
				<string>iPhone Developer</string>
				<key>COPY_PHASE_STRIP</key>
				<string>NO</string>
				<key>GCC_C_LANGUAGE_STANDARD</key>
				<string>gnu99</string>
				<key>GCC_DYNAMIC_NO_PIC</key>
				<string>NO</string>
				<key>GCC_OPTIMIZATION_LEVEL</key>
				<string>0</string>
				<key>GCC_PREPROCESSOR_DEFINITIONS</key>
				<array>
					<string>DEBUG=1</string>
					<string>$(inherited)</string>
				</array>
				<key>GCC_SYMBOLS_PRIVATE_EXTERN</key>
				<string>NO</string>
				<key>GCC_WARN_ABOUT_RETURN_TYPE</key>
				<string>YES</string>
				<key>GCC_WARN_UNINITIALIZED_AUTOS</key>
				<string>YES</string>
				<key>GCC_WARN_UNUSED_VARIABLE</key>
				<string>YES</string>
				<key>IPHONEOS_DEPLOYMENT_TARGET</key>
				<string>6.1</string>
				<key>ONLY_ACTIVE_ARCH</key>
				<string>YES</string>
				<key>SDKROOT</key>
				<string>iphoneos</string>
				<key>TARGETED_DEVICE_FAMILY</key>
				<string>1,2</string>
			</dict>
			<key>isa</key>
			<string>XCBuildConfiguration</string>
			<key>name</key>
			<string>Debug</string>
		</dict>
		<key>FDA6FB72173D2BF8009E8870</key>
		<dict>
			<key>buildSettings</key>
			<dict>
				<key>ALWAYS_SEARCH_USER_PATHS</key>
				<string>NO</string>
				<key>CLANG_CXX_LANGUAGE_STANDARD</key>
				<string>gnu++0x</string>
				<key>CLANG_CXX_LIBRARY</key>
				<string>libc++</string>
				<key>CLANG_ENABLE_OBJC_ARC</key>
				<string>YES</string>
				<key>CLANG_WARN_CONSTANT_CONVERSION</key>
				<string>YES</string>
				<key>CLANG_WARN_EMPTY_BODY</key>
				<string>YES</string>
				<key>CLANG_WARN_ENUM_CONVERSION</key>
				<string>YES</string>
				<key>CLANG_WARN_INT_CONVERSION</key>
				<string>YES</string>
				<key>CLANG_WARN__DUPLICATE_METHOD_MATCH</key>
				<string>YES</string>
				<key>CODE_SIGN_IDENTITY[sdk=iphoneos*]</key>
				<string>iPhone Developer</string>
				<key>COPY_PHASE_STRIP</key>
				<string>YES</string>
				<key>GCC_C_LANGUAGE_STANDARD</key>
				<string>gnu99</string>
				<key>GCC_WARN_ABOUT_RETURN_TYPE</key>
				<string>YES</string>
				<key>GCC_WARN_UNINITIALIZED_AUTOS</key>
				<string>YES</string>
				<key>GCC_WARN_UNUSED_VARIABLE</key>
				<string>YES</string>
				<key>IPHONEOS_DEPLOYMENT_TARGET</key>
				<string>6.1</string>
				<key>OTHER_CFLAGS</key>
				<string>-DNS_BLOCK_ASSERTIONS=1</string>
				<key>SDKROOT</key>
				<string>iphoneos</string>
				<key>TARGETED_DEVICE_FAMILY</key>
				<string>1,2</string>
				<key>VALIDATE_PRODUCT</key>
				<string>YES</string>
			</dict>
			<key>isa</key>
			<string>XCBuildConfiguration</string>
			<key>name</key>
			<string>Release</string>
		</dict>
		<key>FDA6FB73173D2BF8009E8870</key>
		<dict>
			<key>buildConfigurations</key>
			<array>
				<string>FDA6FB74173D2BF8009E8870</string>
				<string>FDA6FB75173D2BF8009E8870</string>
			</array>
			<key>defaultConfigurationIsVisible</key>
			<string>0</string>
			<key>defaultConfigurationName</key>
			<string>Release</string>
			<key>isa</key>
			<string>XCConfigurationList</string>
		</dict>
		<key>FDA6FB74173D2BF8009E8870</key>
		<dict>
			<key>buildSettings</key>
			<dict>
				<key>GCC_PRECOMPILE_PREFIX_HEADER</key>
				<string>YES</string>
				<key>GCC_PREFIX_HEADER</key>
				<string>SimpleStocks/SimpleStocks-Prefix.pch</string>
				<key>HEADER_SEARCH_PATHS</key>
				<array>
					<string>$(USER_LIBRARY_DIR)/Application\ Support/com.celedev.CodeFlow/iphoneos/include</string>
				</array>
				<key>INFOPLIST_FILE</key>
				<string>SimpleStocks/SimpleStocks-Info.plist</string>
				<key>LIBRARY_SEARCH_PATHS</key>
				<array>
					<string>$(USER_LIBRARY_DIR)/Application\ Support/com.celedev.CodeFlow/iphoneos</string>
					<string>$(USER_LIBRARY_DIR)/Application\ Support/com.celedev.CodeFlow/iphoneos/iOS-8.1-SDK.luabindings/BindingLibs</string>
				</array>
				<key>OTHER_LDFLAGS</key>
				<string>-ObjC</string>
				<key>PRODUCT_NAME</key>
				<string>$(TARGET_NAME)</string>
				<key>WRAPPER_EXTENSION</key>
				<string>app</string>
			</dict>
			<key>isa</key>
			<string>XCBuildConfiguration</string>
			<key>name</key>
			<string>Debug</string>
		</dict>
		<key>FDA6FB75173D2BF8009E8870</key>
		<dict>
			<key>buildSettings</key>
			<dict>
				<key>GCC_PRECOMPILE_PREFIX_HEADER</key>
				<string>YES</string>
				<key>GCC_PREFIX_HEADER</key>
				<string>SimpleStocks/SimpleStocks-Prefix.pch</string>
				<key>HEADER_SEARCH_PATHS</key>
				<array>
					<string>$(USER_LIBRARY_DIR)/Application\ Support/com.celedev.CodeFlow/iphoneos/include</string>
				</array>
				<key>INFOPLIST_FILE</key>
				<string>SimpleStocks/SimpleStocks-Info.plist</string>
				<key>LIBRARY_SEARCH_PATHS</key>
				<array>
					<string>$(USER_LIBRARY_DIR)/Application\ Support/com.celedev.CodeFlow/iphoneos</string>
					<string>$(USER_LIBRARY_DIR)/Application\ Support/com.celedev.CodeFlow/iphoneos/iOS-8.1-SDK.luabindings/BindingLibs</string>
				</array>
				<key>OTHER_LDFLAGS</key>
				<string>-ObjC</string>
				<key>PRODUCT_NAME</key>
				<string>$(TARGET_NAME)</string>
				<key>WRAPPER_EXTENSION</key>
				<string>app</string>
			</dict>
			<key>isa</key>
			<string>XCBuildConfiguration</string>
			<key>name</key>
			<string>Release</string>
		</dict>
		<key>FDA6FB76173D2C49009E8870</key>
		<dict>
			<key>isa</key>
			<string>PBXFileReference</string>
			<key>lastKnownFileType</key>
			<string>sourcecode.c.h</string>
			<key>path</key>
			<string>CIMAppDelegate.h</string>
			<key>sourceTree</key>
			<string>&lt;group&gt;</string>
		</dict>
		<key>FDA6FB77173D2C49009E8870</key>
		<dict>
			<key>isa</key>
			<string>PBXFileReference</string>
			<key>lastKnownFileType</key>
			<string>sourcecode.c.objc</string>
			<key>path</key>
			<string>CIMAppDelegate.m</string>
			<key>sourceTree</key>
			<string>&lt;group&gt;</string>
		</dict>
		<key>FDA6FBA5173D4389009E8870</key>
		<dict>
			<key>fileRef</key>
			<string>FDA6FB77173D2C49009E8870</string>
			<key>isa</key>
			<string>PBXBuildFile</string>
		</dict>
	</dict>
	<key>rootObject</key>
	<string>FDA6FB4E173D2BF8009E8870</string>
</dict>
</plist>
