// !$*UTF8*$!
{
	archiveVersion = 1;
	classes = {
	};
	objectVersion = 46;
	objects = {

/* Begin PBXBuildFile section */
		1A40FFB2FCA8884B7BBFE4DA /* libCIMLuaBindingUIKit.a in Frameworks */ = {isa = PBXBuildFile; fileRef = D1E664EA897F222086DDE263 /* libCIMLuaBindingUIKit.a */; };
		3A4EF2DAFD3149D29F63B131 /* libCIMLuaDebugServerIOS.a in Frameworks */ = {isa = PBXBuildFile; fileRef = DCD3D97CFA9E48C88529C77A /* libCIMLuaDebugServerIOS.a */; };
		6A6BA377D156480CAEDEF9C6 /* libCIMLua.a in Frameworks */ = {isa = PBXBuildFile; fileRef = 0B669263FE1A4168B27B8304 /* libCIMLua.a */; };
		7E32940E742C4654B2CB66CE /* MobileCoreServices.framework in Frameworks */ = {isa = PBXBuildFile; fileRef = A06A42FB7210409081E40D81 /* MobileCoreServices.framework */; };
		945341624DAC2AA6B0542776 /* libCIMLuaBindingFoundation.a in Frameworks */ = {isa = PBXBuildFile; fileRef = 276DCFFDF90AAA654D800681 /* libCIMLuaBindingFoundation.a */; };
		FDA6FB5A173D2BF8009E8870 /* UIKit.framework in Frameworks */ = {isa = PBXBuildFile; fileRef = FDA6FB59173D2BF8009E8870 /* UIKit.framework */; };
		FDA6FB5C173D2BF8009E8870 /* Foundation.framework in Frameworks */ = {isa = PBXBuildFile; fileRef = FDA6FB5B173D2BF8009E8870 /* Foundation.framework */; };
		FDA6FB5E173D2BF8009E8870 /* CoreGraphics.framework in Frameworks */ = {isa = PBXBuildFile; fileRef = FDA6FB5D173D2BF8009E8870 /* CoreGraphics.framework */; };
		FDA6FB64173D2BF8009E8870 /* InfoPlist.strings in Resources */ = {isa = PBXBuildFile; fileRef = FDA6FB62173D2BF8009E8870 /* InfoPlist.strings */; };
		FDA6FB66173D2BF8009E8870 /* main.m in Sources */ = {isa = PBXBuildFile; fileRef = FDA6FB65173D2BF8009E8870 /* main.m */; };
		FDA6FB6C173D2BF8009E8870 /* Default.png in Resources */ = {isa = PBXBuildFile; fileRef = FDA6FB6B173D2BF8009E8870 /* Default.png */; };
		FDA6FB6E173D2BF8009E8870 /* Default@2x.png in Resources */ = {isa = PBXBuildFile; fileRef = FDA6FB6D173D2BF8009E8870 /* Default@2x.png */; };
		FDA6FB70173D2BF8009E8870 /* Default-568h@2x.png in Resources */ = {isa = PBXBuildFile; fileRef = FDA6FB6F173D2BF8009E8870 /* Default-568h@2x.png */; };
		FDA6FBA5173D4389009E8870 /* CIMAppDelegate.m in Sources */ = {isa = PBXBuildFile; fileRef = FDA6FB77173D2C49009E8870 /* CIMAppDelegate.m */; };
		FEF2C6DE75C1898077F92D28 /* libCIMLuaBindingCoreGraphics.a in Frameworks */ = {isa = PBXBuildFile; fileRef = 28F941E1FA1DE29C88376343 /* libCIMLuaBindingCoreGraphics.a */; };
/* End PBXBuildFile section */

/* Begin PBXFileReference section */
		0B669263FE1A4168B27B8304 /* libCIMLua.a */ = {isa = PBXFileReference; includeInIndex = 1; lastKnownFileType = archive.ar; name = libCIMLua.a; path = "/Users/jean-luc/Library/Application Support/com.celedev.CodeFlow/iphoneos/libCIMLua.a"; sourceTree = "<absolute>"; };
		276DCFFDF90AAA654D800681 /* libCIMLuaBindingFoundation.a */ = {isa = PBXFileReference; includeInIndex = 1; lastKnownFileType = archive.ar; name = libCIMLuaBindingFoundation.a; path = "/Users/jean-luc/Library/Application Support/com.celedev.CodeFlow/iphoneos/iOS-8.3-SDK.luabindings/BindingLibs/libCIMLuaBindingFoundation.a"; sourceTree = "<absolute>"; };
		28F941E1FA1DE29C88376343 /* libCIMLuaBindingCoreGraphics.a */ = {isa = PBXFileReference; includeInIndex = 1; lastKnownFileType = archive.ar; name = libCIMLuaBindingCoreGraphics.a; path = "/Users/jean-luc/Library/Application Support/com.celedev.CodeFlow/iphoneos/iOS-8.3-SDK.luabindings/BindingLibs/libCIMLuaBindingCoreGraphics.a"; sourceTree = "<absolute>"; };
		A06A42FB7210409081E40D81 /* MobileCoreServices.framework */ = {isa = PBXFileReference; lastKnownFileType = wrapper.framework; name = MobileCoreServices.framework; path = System/Library/Frameworks/MobileCoreServices.framework; sourceTree = SDKROOT; };
		D1E664EA897F222086DDE263 /* libCIMLuaBindingUIKit.a */ = {isa = PBXFileReference; includeInIndex = 1; lastKnownFileType = archive.ar; name = libCIMLuaBindingUIKit.a; path = "/Users/jean-luc/Library/Application Support/com.celedev.CodeFlow/iphoneos/iOS-8.3-SDK.luabindings/BindingLibs/libCIMLuaBindingUIKit.a"; sourceTree = "<absolute>"; };
		DCD3D97CFA9E48C88529C77A /* libCIMLuaDebugServerIOS.a */ = {isa = PBXFileReference; includeInIndex = 1; lastKnownFileType = archive.ar; name = libCIMLuaDebugServerIOS.a; path = "/Users/jean-luc/Library/Application Support/com.celedev.CodeFlow/iphoneos/libCIMLuaDebugServerIOS.a"; sourceTree = "<absolute>"; };
		FDA6FB56173D2BF8009E8870 /* SimpleStocks.app */ = {isa = PBXFileReference; explicitFileType = wrapper.application; includeInIndex = 0; path = SimpleStocks.app; sourceTree = BUILT_PRODUCTS_DIR; };
		FDA6FB59173D2BF8009E8870 /* UIKit.framework */ = {isa = PBXFileReference; lastKnownFileType = wrapper.framework; name = UIKit.framework; path = System/Library/Frameworks/UIKit.framework; sourceTree = SDKROOT; };
		FDA6FB5B173D2BF8009E8870 /* Foundation.framework */ = {isa = PBXFileReference; lastKnownFileType = wrapper.framework; name = Foundation.framework; path = System/Library/Frameworks/Foundation.framework; sourceTree = SDKROOT; };
		FDA6FB5D173D2BF8009E8870 /* CoreGraphics.framework */ = {isa = PBXFileReference; lastKnownFileType = wrapper.framework; name = CoreGraphics.framework; path = System/Library/Frameworks/CoreGraphics.framework; sourceTree = SDKROOT; };
		FDA6FB61173D2BF8009E8870 /* SimpleStocks-Info.plist */ = {isa = PBXFileReference; lastKnownFileType = text.plist.xml; path = "SimpleStocks-Info.plist"; sourceTree = "<group>"; };
		FDA6FB63173D2BF8009E8870 /* en */ = {isa = PBXFileReference; lastKnownFileType = text.plist.strings; name = en; path = en.lproj/InfoPlist.strings; sourceTree = "<group>"; };
		FDA6FB65173D2BF8009E8870 /* main.m */ = {isa = PBXFileReference; lastKnownFileType = sourcecode.c.objc; path = main.m; sourceTree = "<group>"; };
		FDA6FB67173D2BF8009E8870 /* SimpleStocks-Prefix.pch */ = {isa = PBXFileReference; lastKnownFileType = sourcecode.c.h; path = "SimpleStocks-Prefix.pch"; sourceTree = "<group>"; };
		FDA6FB6B173D2BF8009E8870 /* Default.png */ = {isa = PBXFileReference; lastKnownFileType = image.png; path = Default.png; sourceTree = "<group>"; };
		FDA6FB6D173D2BF8009E8870 /* Default@2x.png */ = {isa = PBXFileReference; lastKnownFileType = image.png; path = "Default@2x.png"; sourceTree = "<group>"; };
		FDA6FB6F173D2BF8009E8870 /* Default-568h@2x.png */ = {isa = PBXFileReference; lastKnownFileType = image.png; path = "Default-568h@2x.png"; sourceTree = "<group>"; };
		FDA6FB76173D2C49009E8870 /* CIMAppDelegate.h */ = {isa = PBXFileReference; lastKnownFileType = sourcecode.c.h; path = CIMAppDelegate.h; sourceTree = "<group>"; };
		FDA6FB77173D2C49009E8870 /* CIMAppDelegate.m */ = {isa = PBXFileReference; lastKnownFileType = sourcecode.c.objc; path = CIMAppDelegate.m; sourceTree = "<group>"; };
/* End PBXFileReference section */

/* Begin PBXFrameworksBuildPhase section */
		FDA6FB53173D2BF8009E8870 /* Frameworks */ = {
			isa = PBXFrameworksBuildPhase;
			buildActionMask = 2147483647;
			files = (
				FDA6FB5A173D2BF8009E8870 /* UIKit.framework in Frameworks */,
				FDA6FB5C173D2BF8009E8870 /* Foundation.framework in Frameworks */,
				FDA6FB5E173D2BF8009E8870 /* CoreGraphics.framework in Frameworks */,
				7E32940E742C4654B2CB66CE /* MobileCoreServices.framework in Frameworks */,
				6A6BA377D156480CAEDEF9C6 /* libCIMLua.a in Frameworks */,
				3A4EF2DAFD3149D29F63B131 /* libCIMLuaDebugServerIOS.a in Frameworks */,
				FEF2C6DE75C1898077F92D28 /* libCIMLuaBindingCoreGraphics.a in Frameworks */,
				1A40FFB2FCA8884B7BBFE4DA /* libCIMLuaBindingUIKit.a in Frameworks */,
				945341624DAC2AA6B0542776 /* libCIMLuaBindingFoundation.a in Frameworks */,
			);
			runOnlyForDeploymentPostprocessing = 0;
		};
/* End PBXFrameworksBuildPhase section */

/* Begin PBXGroup section */
		FDA6FB4D173D2BF8009E8870 = {
			isa = PBXGroup;
			children = (
				FDA6FB5F173D2BF8009E8870 /* SimpleStocks */,
				FDA6FB58173D2BF8009E8870 /* Frameworks */,
				FDA6FB57173D2BF8009E8870 /* Products */,
			);
			sourceTree = "<group>";
		};
		FDA6FB57173D2BF8009E8870 /* Products */ = {
			isa = PBXGroup;
			children = (
				FDA6FB56173D2BF8009E8870 /* SimpleStocks.app */,
			);
			name = Products;
			sourceTree = "<group>";
		};
		FDA6FB58173D2BF8009E8870 /* Frameworks */ = {
			isa = PBXGroup;
			children = (
				FDA6FB59173D2BF8009E8870 /* UIKit.framework */,
				FDA6FB5B173D2BF8009E8870 /* Foundation.framework */,
				FDA6FB5D173D2BF8009E8870 /* CoreGraphics.framework */,
				A06A42FB7210409081E40D81 /* MobileCoreServices.framework */,
				0B669263FE1A4168B27B8304 /* libCIMLua.a */,
				DCD3D97CFA9E48C88529C77A /* libCIMLuaDebugServerIOS.a */,
				28F941E1FA1DE29C88376343 /* libCIMLuaBindingCoreGraphics.a */,
				D1E664EA897F222086DDE263 /* libCIMLuaBindingUIKit.a */,
				276DCFFDF90AAA654D800681 /* libCIMLuaBindingFoundation.a */,
			);
			name = Frameworks;
			sourceTree = "<group>";
		};
		FDA6FB5F173D2BF8009E8870 /* SimpleStocks */ = {
			isa = PBXGroup;
			children = (
				FDA6FB76173D2C49009E8870 /* CIMAppDelegate.h */,
				FDA6FB77173D2C49009E8870 /* CIMAppDelegate.m */,
				FDA6FB60173D2BF8009E8870 /* Supporting Files */,
			);
			path = SimpleStocks;
			sourceTree = "<group>";
		};
		FDA6FB60173D2BF8009E8870 /* Supporting Files */ = {
			isa = PBXGroup;
			children = (
				FDA6FB61173D2BF8009E8870 /* SimpleStocks-Info.plist */,
				FDA6FB62173D2BF8009E8870 /* InfoPlist.strings */,
				FDA6FB65173D2BF8009E8870 /* main.m */,
				FDA6FB67173D2BF8009E8870 /* SimpleStocks-Prefix.pch */,
				FDA6FB6B173D2BF8009E8870 /* Default.png */,
				FDA6FB6D173D2BF8009E8870 /* Default@2x.png */,
				FDA6FB6F173D2BF8009E8870 /* Default-568h@2x.png */,
			);
			name = "Supporting Files";
			sourceTree = "<group>";
		};
/* End PBXGroup section */

/* Begin PBXNativeTarget section */
		FDA6FB55173D2BF8009E8870 /* SimpleStocks */ = {
			isa = PBXNativeTarget;
			buildConfigurationList = FDA6FB73173D2BF8009E8870 /* Build configuration list for PBXNativeTarget "SimpleStocks" */;
			buildPhases = (
				FDA6FB52173D2BF8009E8870 /* Sources */,
				FDA6FB53173D2BF8009E8870 /* Frameworks */,
				FDA6FB54173D2BF8009E8870 /* Resources */,
			);
			buildRules = (
			);
			dependencies = (
			);
			name = SimpleStocks;
			productName = SImpleStocks;
			productReference = FDA6FB56173D2BF8009E8870 /* SimpleStocks.app */;
			productType = "com.apple.product-type.application";
		};
/* End PBXNativeTarget section */

/* Begin PBXProject section */
		FDA6FB4E173D2BF8009E8870 /* Project object */ = {
			isa = PBXProject;
			attributes = {
				CLASSPREFIX = CIM;
				LastUpgradeCheck = 0510;
				ORGANIZATIONNAME = Celedev;
			};
			buildConfigurationList = FDA6FB51173D2BF8009E8870 /* Build configuration list for PBXProject "SimpleStocks" */;
			compatibilityVersion = "Xcode 3.2";
			developmentRegion = English;
			hasScannedForEncodings = 0;
			knownRegions = (
				en,
			);
			mainGroup = FDA6FB4D173D2BF8009E8870;
			productRefGroup = FDA6FB57173D2BF8009E8870 /* Products */;
			projectDirPath = "";
			projectRoot = "";
			targets = (
				FDA6FB55173D2BF8009E8870 /* SimpleStocks */,
			);
		};
/* End PBXProject section */

/* Begin PBXResourcesBuildPhase section */
		FDA6FB54173D2BF8009E8870 /* Resources */ = {
			isa = PBXResourcesBuildPhase;
			buildActionMask = 2147483647;
			files = (
				FDA6FB64173D2BF8009E8870 /* InfoPlist.strings in Resources */,
				FDA6FB6C173D2BF8009E8870 /* Default.png in Resources */,
				FDA6FB6E173D2BF8009E8870 /* Default@2x.png in Resources */,
				FDA6FB70173D2BF8009E8870 /* Default-568h@2x.png in Resources */,
			);
			runOnlyForDeploymentPostprocessing = 0;
		};
/* End PBXResourcesBuildPhase section */

/* Begin PBXSourcesBuildPhase section */
		FDA6FB52173D2BF8009E8870 /* Sources */ = {
			isa = PBXSourcesBuildPhase;
			buildActionMask = 2147483647;
			files = (
				FDA6FB66173D2BF8009E8870 /* main.m in Sources */,
				FDA6FBA5173D4389009E8870 /* CIMAppDelegate.m in Sources */,
			);
			runOnlyForDeploymentPostprocessing = 0;
		};
/* End PBXSourcesBuildPhase section */

/* Begin PBXVariantGroup section */
		FDA6FB62173D2BF8009E8870 /* InfoPlist.strings */ = {
			isa = PBXVariantGroup;
			children = (
				FDA6FB63173D2BF8009E8870 /* en */,
			);
			name = InfoPlist.strings;
			sourceTree = "<group>";
		};
/* End PBXVariantGroup section */

/* Begin XCBuildConfiguration section */
		FDA6FB71173D2BF8009E8870 /* Debug */ = {
			isa = XCBuildConfiguration;
			buildSettings = {
				ALWAYS_SEARCH_USER_PATHS = NO;
				CLANG_CXX_LANGUAGE_STANDARD = "gnu++0x";
				CLANG_CXX_LIBRARY = "libc++";
				CLANG_ENABLE_OBJC_ARC = YES;
				CLANG_WARN_CONSTANT_CONVERSION = YES;
				CLANG_WARN_EMPTY_BODY = YES;
				CLANG_WARN_ENUM_CONVERSION = YES;
				CLANG_WARN_INT_CONVERSION = YES;
				CLANG_WARN__DUPLICATE_METHOD_MATCH = YES;
				"CODE_SIGN_IDENTITY[sdk=iphoneos*]" = "iPhone Developer";
				COPY_PHASE_STRIP = NO;
				GCC_C_LANGUAGE_STANDARD = gnu99;
				GCC_DYNAMIC_NO_PIC = NO;
				GCC_OPTIMIZATION_LEVEL = 0;
				GCC_PREPROCESSOR_DEFINITIONS = (
					"DEBUG=1",
					"$(inherited)",
				);
				GCC_SYMBOLS_PRIVATE_EXTERN = NO;
				GCC_WARN_ABOUT_RETURN_TYPE = YES;
				GCC_WARN_UNINITIALIZED_AUTOS = YES;
				GCC_WARN_UNUSED_VARIABLE = YES;
				IPHONEOS_DEPLOYMENT_TARGET = 6.1;
				ONLY_ACTIVE_ARCH = YES;
				SDKROOT = iphoneos;
				TARGETED_DEVICE_FAMILY = "1,2";
			};
			name = Debug;
		};
		FDA6FB72173D2BF8009E8870 /* Release */ = {
			isa = XCBuildConfiguration;
			buildSettings = {
				ALWAYS_SEARCH_USER_PATHS = NO;
				CLANG_CXX_LANGUAGE_STANDARD = "gnu++0x";
				CLANG_CXX_LIBRARY = "libc++";
				CLANG_ENABLE_OBJC_ARC = YES;
				CLANG_WARN_CONSTANT_CONVERSION = YES;
				CLANG_WARN_EMPTY_BODY = YES;
				CLANG_WARN_ENUM_CONVERSION = YES;
				CLANG_WARN_INT_CONVERSION = YES;
				CLANG_WARN__DUPLICATE_METHOD_MATCH = YES;
				"CODE_SIGN_IDENTITY[sdk=iphoneos*]" = "iPhone Developer";
				COPY_PHASE_STRIP = YES;
				GCC_C_LANGUAGE_STANDARD = gnu99;
				GCC_WARN_ABOUT_RETURN_TYPE = YES;
				GCC_WARN_UNINITIALIZED_AUTOS = YES;
				GCC_WARN_UNUSED_VARIABLE = YES;
				IPHONEOS_DEPLOYMENT_TARGET = 6.1;
				OTHER_CFLAGS = "-DNS_BLOCK_ASSERTIONS=1";
				SDKROOT = iphoneos;
				TARGETED_DEVICE_FAMILY = "1,2";
				VALIDATE_PRODUCT = YES;
			};
			name = Release;
		};
		FDA6FB74173D2BF8009E8870 /* Debug */ = {
			isa = XCBuildConfiguration;
			buildSettings = {
				GCC_PRECOMPILE_PREFIX_HEADER = YES;
				GCC_PREFIX_HEADER = "SimpleStocks/SimpleStocks-Prefix.pch";
				HEADER_SEARCH_PATHS = (
					"$(USER_LIBRARY_DIR)/Application\\ Support/com.celedev.CodeFlow/iphoneos/include",
					"$(USER_LIBRARY_DIR)/Application\\ Support/com.celedev.CodeFlow/headers",
				);
				INFOPLIST_FILE = "SimpleStocks/SimpleStocks-Info.plist";
				LIBRARY_SEARCH_PATHS = (
					"$(USER_LIBRARY_DIR)/Application\\ Support/com.celedev.CodeFlow/iphoneos",
					"$(USER_LIBRARY_DIR)/Application\\ Support/com.celedev.CodeFlow/iphoneos/iOS-8.3-SDK.luabindings/BindingLibs",
				);
				OTHER_LDFLAGS = "-ObjC";
				PRODUCT_NAME = "$(TARGET_NAME)";
				WRAPPER_EXTENSION = app;
			};
			name = Debug;
		};
		FDA6FB75173D2BF8009E8870 /* Release */ = {
			isa = XCBuildConfiguration;
			buildSettings = {
				GCC_PRECOMPILE_PREFIX_HEADER = YES;
				GCC_PREFIX_HEADER = "SimpleStocks/SimpleStocks-Prefix.pch";
				HEADER_SEARCH_PATHS = (
					"$(USER_LIBRARY_DIR)/Application\\ Support/com.celedev.CodeFlow/iphoneos/include",
					"$(USER_LIBRARY_DIR)/Application\\ Support/com.celedev.CodeFlow/headers",
				);
				INFOPLIST_FILE = "SimpleStocks/SimpleStocks-Info.plist";
				LIBRARY_SEARCH_PATHS = (
					"$(USER_LIBRARY_DIR)/Application\\ Support/com.celedev.CodeFlow/iphoneos",
					"$(USER_LIBRARY_DIR)/Application\\ Support/com.celedev.CodeFlow/iphoneos/iOS-8.3-SDK.luabindings/BindingLibs",
				);
				OTHER_LDFLAGS = "-ObjC";
				PRODUCT_NAME = "$(TARGET_NAME)";
				WRAPPER_EXTENSION = app;
			};
			name = Release;
		};
/* End XCBuildConfiguration section */

/* Begin XCConfigurationList section */
		FDA6FB51173D2BF8009E8870 /* Build configuration list for PBXProject "SimpleStocks" */ = {
			isa = XCConfigurationList;
			buildConfigurations = (
				FDA6FB71173D2BF8009E8870 /* Debug */,
				FDA6FB72173D2BF8009E8870 /* Release */,
			);
			defaultConfigurationIsVisible = 0;
			defaultConfigurationName = Release;
		};
		FDA6FB73173D2BF8009E8870 /* Build configuration list for PBXNativeTarget "SimpleStocks" */ = {
			isa = XCConfigurationList;
			buildConfigurations = (
				FDA6FB74173D2BF8009E8870 /* Debug */,
				FDA6FB75173D2BF8009E8870 /* Release */,
			);
			defaultConfigurationIsVisible = 0;
			defaultConfigurationName = Release;
		};
/* End XCConfigurationList section */
	};
	rootObject = FDA6FB4E173D2BF8009E8870 /* Project object */;
}
